
Microsoft Visual Studio Solution File, Format Version 12.00
# Visual Studio Version 16
VisualStudioVersion = 16.0.29326.143
MinimumVisualStudioVersion = 10.0.40219.1
Project("{FAE04EC0-301F-11D3-BF4B-00C04F79EFBC}") = "Mazes.Generation", "Mazes.Generation\Mazes.Generation.csproj", "{4822595F-2A29-49D1-9F98-DCFFFBD80BAE}"
EndProject
Project("{FAE04EC0-301F-11D3-BF4B-00C04F79EFBC}") = "Mazes.Visualization", "Mazes.Visualization\Mazes.Visualization.csproj", "{76A2C95E-F73E-45CE-BA55-6AC25C1FFFEE}"
EndProject
Global
	GlobalSection(SolutionConfigurationPlatforms) = preSolution
		Debug|Any CPU = Debug|Any CPU
		Release|Any CPU = Release|Any CPU
	EndGlobalSection
	GlobalSection(ProjectConfigurationPlatforms) = postSolution
		{4822595F-2A29-49D1-9F98-DCFFFBD80BAE}.Debug|Any CPU.ActiveCfg = Debug|Any CPU
		{4822595F-2A29-49D1-9F98-DCFFFBD80BAE}.Debug|Any CPU.Build.0 = Debug|Any CPU
		{4822595F-2A29-49D1-9F98-DCFFFBD80BAE}.Release|Any CPU.ActiveCfg = Release|Any CPU
		{4822595F-2A29-49D1-9F98-DCFFFBD80BAE}.Release|Any CPU.Build.0 = Release|Any CPU
		{76A2C95E-F73E-45CE-BA55-6AC25C1FFFEE}.Debug|Any CPU.ActiveCfg = Debug|Any CPU
		{76A2C95E-F73E-45CE-BA55-6AC25C1FFFEE}.Debug|Any CPU.Build.0 = Debug|Any CPU
		{76A2C95E-F73E-45CE-BA55-6AC25C1FFFEE}.Release|Any CPU.ActiveCfg = Release|Any CPU
		{76A2C95E-F73E-45CE-BA55-6AC25C1FFFEE}.Release|Any CPU.Build.0 = Release|Any CPU
	EndGlobalSection
	GlobalSection(SolutionProperties) = preSolution
		HideSolutionNode = FALSE
	EndGlobalSection
	GlobalSection(ExtensibilityGlobals) = postSolution
		SolutionGuid = {3C7D50BD-FB6E-489A-A50F-AAE1FB065DDC}
	EndGlobalSection
EndGlobal
